PODS:
  - JazzHands (0.0.4)
  - KIF (2.0.0)
  - Kiwi/ARC (2.2.4)
  - Kiwi/NonARC (2.2.4)
  - Kiwi/XCTest (2.2.4):
    - Kiwi/ARC
    - Kiwi/NonARC
  - LBBlurredImage (0.2.0)
  - MBProgressHUD (0.8)
  - NSDate+TimeAgo (1.0.3)
  - OCMock (2.2.3)
  - SAMCircleProgressView (0.1.1)

DEPENDENCIES:
  - JazzHands
  - KIF (~> 2.0)
  - Kiwi/XCTest
  - LBBlurredImage
  - MBProgressHUD (~> 0.8)
  - NSDate+TimeAgo
  - OCMock
  - SAMCircleProgressView

SPEC CHECKSUMS:
  JazzHands: 9069a8ec67495c8ace35238dad19fdeaa58716cf
  KIF: c01fb8fb593cf8ffeeb69ed8d402ce88143e0697
  Kiwi: d60d7498b640a16f58b01925fc3c8d7c4d809f66
  LBBlurredImage: 26bacd10063a6e886de6a374f4727c3cefb22fc2
  MBProgressHUD: 2bbc6f470111daf7f3eaa4eb12b8cbf01c4c0622
  NSDate+TimeAgo: ca09306750ac2564418042aa10cf8365c36d2cee
  OCMock: ea7fe30ee99e4e3186ad47d032a301fa7e8793ec
  SAMCircleProgressView: 2da5c92b83e71f4ca587fa8128e5cf87d76c36c4

COCOAPODS: 0.29.0
